
Microsoft Visual Studio Solution File, Format Version 12.00
# Visual Studio Version 16
VisualStudioVersion = 16.0.28922.388
MinimumVisualStudioVersion = 10.0.40219.1
Project("{FAE04EC0-301F-11D3-BF4B-00C04F79EFBC}") = "ProjectF1", "ProjectF1\ProjectF1.csproj", "{48CE57FC-CFF4-42AC-BF97-81E7559C5775}"
EndProject
Global
	GlobalSection(SolutionConfigurationPlatforms) = preSolution
		Debug|Any CPU = Debug|Any CPU
		Release|Any CPU = Release|Any CPU
	EndGlobalSection
	GlobalSection(ProjectConfigurationPlatforms) = postSolution
		{48CE57FC-CFF4-42AC-BF97-81E7559C5775}.Debug|Any CPU.ActiveCfg = Debug|Any CPU
		{48CE57FC-CFF4-42AC-BF97-81E7559C5775}.Debug|Any CPU.Build.0 = Debug|Any CPU
		{48CE57FC-CFF4-42AC-BF97-81E7559C5775}.Release|Any CPU.ActiveCfg = Release|Any CPU
		{48CE57FC-CFF4-42AC-BF97-81E7559C5775}.Release|Any CPU.Build.0 = Release|Any CPU
	EndGlobalSection
	GlobalSection(SolutionProperties) = preSolution
		HideSolutionNode = FALSE
	EndGlobalSection
	GlobalSection(ExtensibilityGlobals) = postSolution
		SolutionGuid = {E61C7699-2ED9-45E7-9DBF-323ACD72B9D4}
	EndGlobalSection
EndGlobal
